
Microsoft Visual Studio Solution File, Format Version 12.00
# Visual Studio Version 17
VisualStudioVersion = 17.3.32901.215
MinimumVisualStudioVersion = 10.0.40219.1
Project("{FAE04EC0-301F-11D3-BF4B-00C04F79EFBC}") = "ScoreKeepService.Domain", "ScoreKeepService.Domain\ScoreKeepService.Domain.csproj", "{19309605-452D-4ADD-9569-0F70F19C1246}"
EndProject
Project("{FAE04EC0-301F-11D3-BF4B-00C04F79EFBC}") = "ScoreKeepService.WebApi", "ScoreKeepService.WebApi\ScoreKeepService.WebApi.csproj", "{11539D2C-451D-4B3E-A63D-AEE0BD93244A}"
EndProject
Global
	GlobalSection(SolutionConfigurationPlatforms) = preSolution
		Debug|Any CPU = Debug|Any CPU
		Release|Any CPU = Release|Any CPU
	EndGlobalSection
	GlobalSection(ProjectConfigurationPlatforms) = postSolution
		{19309605-452D-4ADD-9569-0F70F19C1246}.Debug|Any CPU.ActiveCfg = Debug|Any CPU
		{19309605-452D-4ADD-9569-0F70F19C1246}.Debug|Any CPU.Build.0 = Debug|Any CPU
		{19309605-452D-4ADD-9569-0F70F19C1246}.Release|Any CPU.ActiveCfg = Release|Any CPU
		{19309605-452D-4ADD-9569-0F70F19C1246}.Release|Any CPU.Build.0 = Release|Any CPU
		{11539D2C-451D-4B3E-A63D-AEE0BD93244A}.Debug|Any CPU.ActiveCfg = Debug|Any CPU
		{11539D2C-451D-4B3E-A63D-AEE0BD93244A}.Debug|Any CPU.Build.0 = Debug|Any CPU
		{11539D2C-451D-4B3E-A63D-AEE0BD93244A}.Release|Any CPU.ActiveCfg = Release|Any CPU
		{11539D2C-451D-4B3E-A63D-AEE0BD93244A}.Release|Any CPU.Build.0 = Release|Any CPU
	EndGlobalSection
	GlobalSection(SolutionProperties) = preSolution
		HideSolutionNode = FALSE
	EndGlobalSection
	GlobalSection(ExtensibilityGlobals) = postSolution
		SolutionGuid = {22A27D46-7008-4A77-BF2F-3528EF1724AA}
	EndGlobalSection
EndGlobal
